
Microsoft Visual Studio Solution File, Format Version 12.00
# Visual Studio Version 17
VisualStudioVersion = 17.5.33530.505
MinimumVisualStudioVersion = 10.0.40219.1
Project("{FAE04EC0-301F-11D3-BF4B-00C04F79EFBC}") = "GPTAPI", "GPTAPI.csproj", "{21B69D40-D1CD-42B6-A949-C1D906FFA993}"
EndProject
Global
	GlobalSection(SolutionConfigurationPlatforms) = preSolution
		Debug|Any CPU = Debug|Any CPU
		Release|Any CPU = Release|Any CPU
	EndGlobalSection
	GlobalSection(ProjectConfigurationPlatforms) = postSolution
		{21B69D40-D1CD-42B6-A949-C1D906FFA993}.Debug|Any CPU.ActiveCfg = Debug|Any CPU
		{21B69D40-D1CD-42B6-A949-C1D906FFA993}.Debug|Any CPU.Build.0 = Debug|Any CPU
		{21B69D40-D1CD-42B6-A949-C1D906FFA993}.Release|Any CPU.ActiveCfg = Release|Any CPU
		{21B69D40-D1CD-42B6-A949-C1D906FFA993}.Release|Any CPU.Build.0 = Release|Any CPU
	EndGlobalSection
	GlobalSection(SolutionProperties) = preSolution
		HideSolutionNode = FALSE
	EndGlobalSection
	GlobalSection(ExtensibilityGlobals) = postSolution
		SolutionGuid = {1D89E1A9-3F35-478D-903A-28CB738012E8}
	EndGlobalSection
EndGlobal
